// !$*UTF8*$!
{
	archiveVersion = 1;
	classes = {
	};
	objectVersion = 55;
	objects = {

/* Begin PBXBuildFile section */
		29204B0627EB8C1D00E01E12 /* AppDelegate.swift in Sources */ = {isa = PBXBuildFile; fileRef = 29204B0527EB8C1D00E01E12 /* AppDelegate.swift */; };
		29204B0827EB8C1D00E01E12 /* SceneDelegate.swift in Sources */ = {isa = PBXBuildFile; fileRef = 29204B0727EB8C1D00E01E12 /* SceneDelegate.swift */; };
		29204B0A27EB8C1D00E01E12 /* ViewController.swift in Sources */ = {isa = PBXBuildFile; fileRef = 29204B0927EB8C1D00E01E12 /* ViewController.swift */; };
		29204B0D27EB8C1D00E01E12 /* Main.storyboard in Resources */ = {isa = PBXBuildFile; fileRef = 29204B0B27EB8C1D00E01E12 /* Main.storyboard */; };
		29204B1027EB8C1D00E01E12 /* CoreData_Finviz_Test.xcdatamodeld in Sources */ = {isa = PBXBuildFile; fileRef = 29204B0E27EB8C1D00E01E12 /* CoreData_Finviz_Test.xcdatamodeld */; };
		29204B1227EB8C1E00E01E12 /* Assets.xcassets in Resources */ = {isa = PBXBuildFile; fileRef = 29204B1127EB8C1E00E01E12 /* Assets.xcassets */; };
		29204B1527EB8C1E00E01E12 /* LaunchScreen.storyboard in Resources */ = {isa = PBXBuildFile; fileRef = 29204B1327EB8C1E00E01E12 /* LaunchScreen.storyboard */; };
		29204B1D27EB8CBB00E01E12 /* DetailViewController.swift in Sources */ = {isa = PBXBuildFile; fileRef = 29204B1C27EB8CBB00E01E12 /* DetailViewController.swift */; };
		29204B1F27EB8D8A00E01E12 /* MyStocksViewController.swift in Sources */ = {isa = PBXBuildFile; fileRef = 29204B1E27EB8D8A00E01E12 /* MyStocksViewController.swift */; };
		29204B2127EB8D9500E01E12 /* SearchStocksViewController.swift in Sources */ = {isa = PBXBuildFile; fileRef = 29204B2027EB8D9500E01E12 /* SearchStocksViewController.swift */; };
		29204B2B27EB900400E01E12 /* SearchResults.swift in Sources */ = {isa = PBXBuildFile; fileRef = 29204B2A27EB900400E01E12 /* SearchResults.swift */; };
		293F31A027EBD109001B5FA2 /* Charts in Frameworks */ = {isa = PBXBuildFile; productRef = 293F319F27EBD109001B5FA2 /* Charts */; };
		295F183F27EBC0A5003EB94D /* Stock+CoreDataClass.swift in Sources */ = {isa = PBXBuildFile; fileRef = 295F183D27EBC0A5003EB94D /* Stock+CoreDataClass.swift */; };
		295F184027EBC0A5003EB94D /* Stock+CoreDataProperties.swift in Sources */ = {isa = PBXBuildFile; fileRef = 295F183E27EBC0A5003EB94D /* Stock+CoreDataProperties.swift */; };
		2966D60227EF90C700CEC009 /* APIParser.swift in Sources */ = {isa = PBXBuildFile; fileRef = 2966D5FF27EF90C700CEC009 /* APIParser.swift */; };
		2966D60327EF90C700CEC009 /* APIStruct.swift in Sources */ = {isa = PBXBuildFile; fileRef = 2966D60027EF90C700CEC009 /* APIStruct.swift */; };
		2966D60427EF90C700CEC009 /* APIService.swift in Sources */ = {isa = PBXBuildFile; fileRef = 2966D60127EF90C700CEC009 /* APIService.swift */; };
/* End PBXBuildFile section */

/* Begin PBXFileReference section */
		29204B0227EB8C1D00E01E12 /* CoreData-Finviz-Test.app */ = {isa = PBXFileReference; explicitFileType = wrapper.application; includeInIndex = 0; path = "CoreData-Finviz-Test.app"; sourceTree = BUILT_PRODUCTS_DIR; };
		29204B0527EB8C1D00E01E12 /* AppDelegate.swift */ = {isa = PBXFileReference; lastKnownFileType = sourcecode.swift; path = AppDelegate.swift; sourceTree = "<group>"; };
		29204B0727EB8C1D00E01E12 /* SceneDelegate.swift */ = {isa = PBXFileReference; lastKnownFileType = sourcecode.swift; path = SceneDelegate.swift; sourceTree = "<group>"; };
		29204B0927EB8C1D00E01E12 /* ViewController.swift */ = {isa = PBXFileReference; lastKnownFileType = sourcecode.swift; path = ViewController.swift; sourceTree = "<group>"; };
		29204B0C27EB8C1D00E01E12 /* Base */ = {isa = PBXFileReference; lastKnownFileType = file.storyboard; name = Base; path = Base.lproj/Main.storyboard; sourceTree = "<group>"; };
		29204B0F27EB8C1D00E01E12 /* CoreData_Finviz_Test.xcdatamodel */ = {isa = PBXFileReference; lastKnownFileType = wrapper.xcdatamodel; path = CoreData_Finviz_Test.xcdatamodel; sourceTree = "<group>"; };
		29204B1127EB8C1E00E01E12 /* Assets.xcassets */ = {isa = PBXFileReference; lastKnownFileType = folder.assetcatalog; path = Assets.xcassets; sourceTree = "<group>"; };
		29204B1427EB8C1E00E01E12 /* Base */ = {isa = PBXFileReference; lastKnownFileType = file.storyboard; name = Base; path = Base.lproj/LaunchScreen.storyboard; sourceTree = "<group>"; };
		29204B1627EB8C1E00E01E12 /* Info.plist */ = {isa = PBXFileReference; lastKnownFileType = text.plist.xml; path = Info.plist; sourceTree = "<group>"; };
		29204B1C27EB8CBB00E01E12 /* DetailViewController.swift */ = {isa = PBXFileReference; lastKnownFileType = sourcecode.swift; path = DetailViewController.swift; sourceTree = "<group>"; };
		29204B1E27EB8D8A00E01E12 /* MyStocksViewController.swift */ = {isa = PBXFileReference; lastKnownFileType = sourcecode.swift; path = MyStocksViewController.swift; sourceTree = "<group>"; };
		29204B2027EB8D9500E01E12 /* SearchStocksViewController.swift */ = {isa = PBXFileReference; lastKnownFileType = sourcecode.swift; path = SearchStocksViewController.swift; sourceTree = "<group>"; };
		29204B2A27EB900400E01E12 /* SearchResults.swift */ = {isa = PBXFileReference; lastKnownFileType = sourcecode.swift; path = SearchResults.swift; sourceTree = "<group>"; };
		295F183D27EBC0A5003EB94D /* Stock+CoreDataClass.swift */ = {isa = PBXFileReference; lastKnownFileType = sourcecode.swift; path = "Stock+CoreDataClass.swift"; sourceTree = "<group>"; };
		295F183E27EBC0A5003EB94D /* Stock+CoreDataProperties.swift */ = {isa = PBXFileReference; lastKnownFileType = sourcecode.swift; path = "Stock+CoreDataProperties.swift"; sourceTree = "<group>"; };
		2966D5FF27EF90C700CEC009 /* APIParser.swift */ = {isa = PBXFileReference; fileEncoding = 4; lastKnownFileType = sourcecode.swift; path = APIParser.swift; sourceTree = "<group>"; };
		2966D60027EF90C700CEC009 /* APIStruct.swift */ = {isa = PBXFileReference; fileEncoding = 4; lastKnownFileType = sourcecode.swift; path = APIStruct.swift; sourceTree = "<group>"; };
		2966D60127EF90C700CEC009 /* APIService.swift */ = {isa = PBXFileReference; fileEncoding = 4; lastKnownFileType = sourcecode.swift; path = APIService.swift; sourceTree = "<group>"; };
/* End PBXFileReference section */

/* Begin PBXFrameworksBuildPhase section */
		29204AFF27EB8C1D00E01E12 /* Frameworks */ = {
			isa = PBXFrameworksBuildPhase;
			buildActionMask = 2147483647;
			files = (
				293F31A027EBD109001B5FA2 /* Charts in Frameworks */,
			);
			runOnlyForDeploymentPostprocessing = 0;
		};
/* End PBXFrameworksBuildPhase section */

/* Begin PBXGroup section */
		29204AF927EB8C1D00E01E12 = {
			isa = PBXGroup;
			children = (
				295F183D27EBC0A5003EB94D /* Stock+CoreDataClass.swift */,
				295F183E27EBC0A5003EB94D /* Stock+CoreDataProperties.swift */,
				29204B0427EB8C1D00E01E12 /* CoreData-Finviz-Test */,
				29204B0327EB8C1D00E01E12 /* Products */,
			);
			sourceTree = "<group>";
		};
		29204B0327EB8C1D00E01E12 /* Products */ = {
			isa = PBXGroup;
			children = (
				29204B0227EB8C1D00E01E12 /* CoreData-Finviz-Test.app */,
			);
			name = Products;
			sourceTree = "<group>";
		};
		29204B0427EB8C1D00E01E12 /* CoreData-Finviz-Test */ = {
			isa = PBXGroup;
			children = (
				2966D5FE27EF90C700CEC009 /* Service */,
				29204B2C27EB901C00E01E12 /* Model */,
				29204B0527EB8C1D00E01E12 /* AppDelegate.swift */,
				29204B0727EB8C1D00E01E12 /* SceneDelegate.swift */,
				29204B0927EB8C1D00E01E12 /* ViewController.swift */,
				29204B1C27EB8CBB00E01E12 /* DetailViewController.swift */,
				29204B1E27EB8D8A00E01E12 /* MyStocksViewController.swift */,
				29204B2027EB8D9500E01E12 /* SearchStocksViewController.swift */,
				29204B0B27EB8C1D00E01E12 /* Main.storyboard */,
				29204B1127EB8C1E00E01E12 /* Assets.xcassets */,
				29204B1327EB8C1E00E01E12 /* LaunchScreen.storyboard */,
				29204B1627EB8C1E00E01E12 /* Info.plist */,
				29204B0E27EB8C1D00E01E12 /* CoreData_Finviz_Test.xcdatamodeld */,
			);
			path = "CoreData-Finviz-Test";
			sourceTree = "<group>";
		};
		29204B2C27EB901C00E01E12 /* Model */ = {
			isa = PBXGroup;
			children = (
				29204B2A27EB900400E01E12 /* SearchResults.swift */,
			);
			path = Model;
			sourceTree = "<group>";
		};
		2966D5FE27EF90C700CEC009 /* Service */ = {
			isa = PBXGroup;
			children = (
				2966D5FF27EF90C700CEC009 /* APIParser.swift */,
				2966D60027EF90C700CEC009 /* APIStruct.swift */,
				2966D60127EF90C700CEC009 /* APIService.swift */,
			);
			path = Service;
			sourceTree = "<group>";
		};
/* End PBXGroup section */

/* Begin PBXNativeTarget section */
		29204B0127EB8C1D00E01E12 /* CoreData-Finviz-Test */ = {
			isa = PBXNativeTarget;
			buildConfigurationList = 29204B1927EB8C1E00E01E12 /* Build configuration list for PBXNativeTarget "CoreData-Finviz-Test" */;
			buildPhases = (
				29204AFE27EB8C1D00E01E12 /* Sources */,
				29204AFF27EB8C1D00E01E12 /* Frameworks */,
				29204B0027EB8C1D00E01E12 /* Resources */,
			);
			buildRules = (
			);
			dependencies = (
			);
			name = "CoreData-Finviz-Test";
			packageProductDependencies = (
				293F319F27EBD109001B5FA2 /* Charts */,
			);
			productName = "CoreData-Finviz-Test";
			productReference = 29204B0227EB8C1D00E01E12 /* CoreData-Finviz-Test.app */;
			productType = "com.apple.product-type.application";
		};
/* End PBXNativeTarget section */

/* Begin PBXProject section */
		29204AFA27EB8C1D00E01E12 /* Project object */ = {
			isa = PBXProject;
			attributes = {
				BuildIndependentTargetsInParallel = 1;
				LastSwiftUpdateCheck = 1320;
				LastUpgradeCheck = 1320;
				TargetAttributes = {
					29204B0127EB8C1D00E01E12 = {
						CreatedOnToolsVersion = 13.2.1;
					};
				};
			};
			buildConfigurationList = 29204AFD27EB8C1D00E01E12 /* Build configuration list for PBXProject "CoreData-Finviz-Test" */;
			compatibilityVersion = "Xcode 13.0";
			developmentRegion = en;
			hasScannedForEncodings = 0;
			knownRegions = (
				en,
				Base,
			);
			mainGroup = 29204AF927EB8C1D00E01E12;
			packageReferences = (
				293F319E27EBD109001B5FA2 /* XCRemoteSwiftPackageReference "Charts" */,
			);
			productRefGroup = 29204B0327EB8C1D00E01E12 /* Products */;
			projectDirPath = "";
			projectRoot = "";
			targets = (
				29204B0127EB8C1D00E01E12 /* CoreData-Finviz-Test */,
			);
		};
/* End PBXProject section */

/* Begin PBXResourcesBuildPhase section */
		29204B0027EB8C1D00E01E12 /* Resources */ = {
			isa = PBXResourcesBuildPhase;
			buildActionMask = 2147483647;
			files = (
				29204B1527EB8C1E00E01E12 /* LaunchScreen.storyboard in Resources */,
				29204B1227EB8C1E00E01E12 /* Assets.xcassets in Resources */,
				29204B0D27EB8C1D00E01E12 /* Main.storyboard in Resources */,
			);
			runOnlyForDeploymentPostprocessing = 0;
		};
/* End PBXResourcesBuildPhase section */

/* Begin PBXSourcesBuildPhase section */
		29204AFE27EB8C1D00E01E12 /* Sources */ = {
			isa = PBXSourcesBuildPhase;
			buildActionMask = 2147483647;
			files = (
				29204B1027EB8C1D00E01E12 /* CoreData_Finviz_Test.xcdatamodeld in Sources */,
				295F184027EBC0A5003EB94D /* Stock+CoreDataProperties.swift in Sources */,
				2966D60227EF90C700CEC009 /* APIParser.swift in Sources */,
				29204B0A27EB8C1D00E01E12 /* ViewController.swift in Sources */,
				29204B1D27EB8CBB00E01E12 /* DetailViewController.swift in Sources */,
				29204B2127EB8D9500E01E12 /* SearchStocksViewController.swift in Sources */,
				29204B1F27EB8D8A00E01E12 /* MyStocksViewController.swift in Sources */,
				29204B0627EB8C1D00E01E12 /* AppDelegate.swift in Sources */,
				295F183F27EBC0A5003EB94D /* Stock+CoreDataClass.swift in Sources */,
				2966D60427EF90C700CEC009 /* APIService.swift in Sources */,
				2966D60327EF90C700CEC009 /* APIStruct.swift in Sources */,
				29204B2B27EB900400E01E12 /* SearchResults.swift in Sources */,
				29204B0827EB8C1D00E01E12 /* SceneDelegate.swift in Sources */,
			);
			runOnlyForDeploymentPostprocessing = 0;
		};
/* End PBXSourcesBuildPhase section */

/* Begin PBXVariantGroup section */
		29204B0B27EB8C1D00E01E12 /* Main.storyboard */ = {
			isa = PBXVariantGroup;
			children = (
				29204B0C27EB8C1D00E01E12 /* Base */,
			);
			name = Main.storyboard;
			sourceTree = "<group>";
		};
		29204B1327EB8C1E00E01E12 /* LaunchScreen.storyboard */ = {
			isa = PBXVariantGroup;
			children = (
				29204B1427EB8C1E00E01E12 /* Base */,
			);
			name = LaunchScreen.storyboard;
			sourceTree = "<group>";
		};
/* End PBXVariantGroup section */

/* Begin XCBuildConfiguration section */
		29204B1727EB8C1E00E01E12 /* Debug */ = {
			isa = XCBuildConfiguration;
			buildSettings = {
				ALWAYS_SEARCH_USER_PATHS = NO;
				CLANG_ANALYZER_NONNULL = YES;
				CLANG_ANALYZER_NUMBER_OBJECT_CONVERSION = YES_AGGRESSIVE;
				CLANG_CXX_LANGUAGE_STANDARD = "gnu++17";
				CLANG_CXX_LIBRARY = "libc++";
				CLANG_ENABLE_MODULES = YES;
				CLANG_ENABLE_OBJC_ARC = YES;
				CLANG_ENABLE_OBJC_WEAK = YES;
				CLANG_WARN_BLOCK_CAPTURE_AUTORELEASING = YES;
				CLANG_WARN_BOOL_CONVERSION = YES;
				CLANG_WARN_COMMA = YES;
				CLANG_WARN_CONSTANT_CONVERSION = YES;
				CLANG_WARN_DEPRECATED_OBJC_IMPLEMENTATIONS = YES;
				CLANG_WARN_DIRECT_OBJC_ISA_USAGE = YES_ERROR;
				CLANG_WARN_DOCUMENTATION_COMMENTS = YES;
				CLANG_WARN_EMPTY_BODY = YES;
				CLANG_WARN_ENUM_CONVERSION = YES;
				CLANG_WARN_INFINITE_RECURSION = YES;
				CLANG_WARN_INT_CONVERSION = YES;
				CLANG_WARN_NON_LITERAL_NULL_CONVERSION = YES;
				CLANG_WARN_OBJC_IMPLICIT_RETAIN_SELF = YES;
				CLANG_WARN_OBJC_LITERAL_CONVERSION = YES;
				CLANG_WARN_OBJC_ROOT_CLASS = YES_ERROR;
				CLANG_WARN_QUOTED_INCLUDE_IN_FRAMEWORK_HEADER = YES;
				CLANG_WARN_RANGE_LOOP_ANALYSIS = YES;
				CLANG_WARN_STRICT_PROTOTYPES = YES;
				CLANG_WARN_SUSPICIOUS_MOVE = YES;
				CLANG_WARN_UNGUARDED_AVAILABILITY = YES_AGGRESSIVE;
				CLANG_WARN_UNREACHABLE_CODE = YES;
				CLANG_WARN__DUPLICATE_METHOD_MATCH = YES;
				COPY_PHASE_STRIP = NO;
				DEBUG_INFORMATION_FORMAT = dwarf;
				ENABLE_STRICT_OBJC_MSGSEND = YES;
				ENABLE_TESTABILITY = YES;
				GCC_C_LANGUAGE_STANDARD = gnu11;
				GCC_DYNAMIC_NO_PIC = NO;
				GCC_NO_COMMON_BLOCKS = YES;
				GCC_OPTIMIZATION_LEVEL = 0;
				GCC_PREPROCESSOR_DEFINITIONS = (
					"DEBUG=1",
					"$(inherited)",
				);
				GCC_WARN_64_TO_32_BIT_CONVERSION = YES;
				GCC_WARN_ABOUT_RETURN_TYPE = YES_ERROR;
				GCC_WARN_UNDECLARED_SELECTOR = YES;
				GCC_WARN_UNINITIALIZED_AUTOS = YES_AGGRESSIVE;
				GCC_WARN_UNUSED_FUNCTION = YES;
				GCC_WARN_UNUSED_VARIABLE = YES;
				IPHONEOS_DEPLOYMENT_TARGET = 15.2;
				MTL_ENABLE_DEBUG_INFO = INCLUDE_SOURCE;
				MTL_FAST_MATH = YES;
				ONLY_ACTIVE_ARCH = YES;
				SDKROOT = iphoneos;
				SWIFT_ACTIVE_COMPILATION_CONDITIONS = DEBUG;
				SWIFT_OPTIMIZATION_LEVEL = "-Onone";
			};
			name = Debug;
		};
		29204B1827EB8C1E00E01E12 /* Release */ = {
			isa = XCBuildConfiguration;
			buildSettings = {
				ALWAYS_SEARCH_USER_PATHS = NO;
				CLANG_ANALYZER_NONNULL = YES;
				CLANG_ANALYZER_NUMBER_OBJECT_CONVERSION = YES_AGGRESSIVE;
				CLANG_CXX_LANGUAGE_STANDARD = "gnu++17";
				CLANG_CXX_LIBRARY = "libc++";
				CLANG_ENABLE_MODULES = YES;
				CLANG_ENABLE_OBJC_ARC = YES;
				CLANG_ENABLE_OBJC_WEAK = YES;
				CLANG_WARN_BLOCK_CAPTURE_AUTORELEASING = YES;
				CLANG_WARN_BOOL_CONVERSION = YES;
				CLANG_WARN_COMMA = YES;
				CLANG_WARN_CONSTANT_CONVERSION = YES;
				CLANG_WARN_DEPRECATED_OBJC_IMPLEMENTATIONS = YES;
				CLANG_WARN_DIRECT_OBJC_ISA_USAGE = YES_ERROR;
				CLANG_WARN_DOCUMENTATION_COMMENTS = YES;
				CLANG_WARN_EMPTY_BODY = YES;
				CLANG_WARN_ENUM_CONVERSION = YES;
				CLANG_WARN_INFINITE_RECURSION = YES;
				CLANG_WARN_INT_CONVERSION = YES;
				CLANG_WARN_NON_LITERAL_NULL_CONVERSION = YES;
				CLANG_WARN_OBJC_IMPLICIT_RETAIN_SELF = YES;
				CLANG_WARN_OBJC_LITERAL_CONVERSION = YES;
				CLANG_WARN_OBJC_ROOT_CLASS = YES_ERROR;
				CLANG_WARN_QUOTED_INCLUDE_IN_FRAMEWORK_HEADER = YES;
				CLANG_WARN_RANGE_LOOP_ANALYSIS = YES;
				CLANG_WARN_STRICT_PROTOTYPES = YES;
				CLANG_WARN_SUSPICIOUS_MOVE = YES;
				CLANG_WARN_UNGUARDED_AVAILABILITY = YES_AGGRESSIVE;
				CLANG_WARN_UNREACHABLE_CODE = YES;
				CLANG_WARN__DUPLICATE_METHOD_MATCH = YES;
				COPY_PHASE_STRIP = NO;
				DEBUG_INFORMATION_FORMAT = "dwarf-with-dsym";
				ENABLE_NS_ASSERTIONS = NO;
				ENABLE_STRICT_OBJC_MSGSEND = YES;
				GCC_C_LANGUAGE_STANDARD = gnu11;
				GCC_NO_COMMON_BLOCKS = YES;
				GCC_WARN_64_TO_32_BIT_CONVERSION = YES;
				GCC_WARN_ABOUT_RETURN_TYPE = YES_ERROR;
				GCC_WARN_UNDECLARED_SELECTOR = YES;
				GCC_WARN_UNINITIALIZED_AUTOS = YES_AGGRESSIVE;
				GCC_WARN_UNUSED_FUNCTION = YES;
				GCC_WARN_UNUSED_VARIABLE = YES;
				IPHONEOS_DEPLOYMENT_TARGET = 15.2;
				MTL_ENABLE_DEBUG_INFO = NO;
				MTL_FAST_MATH = YES;
				SDKROOT = iphoneos;
				SWIFT_COMPILATION_MODE = wholemodule;
				SWIFT_OPTIMIZATION_LEVEL = "-O";
				VALIDATE_PRODUCT = YES;
			};
			name = Release;
		};
		29204B1A27EB8C1E00E01E12 /* Debug */ = {
			isa = XCBuildConfiguration;
			buildSettings = {
				ASSETCATALOG_COMPILER_APPICON_NAME = AppIcon;
				ASSETCATALOG_COMPILER_GLOBAL_ACCENT_COLOR_NAME = AccentColor;
				CODE_SIGN_STYLE = Automatic;
				CURRENT_PROJECT_VERSION = 1;
				DEVELOPMENT_TEAM = 7W5ZSCHZ2W;
				GENERATE_INFOPLIST_FILE = YES;
				INFOPLIST_FILE = "CoreData-Finviz-Test/Info.plist";
				INFOPLIST_KEY_UIApplicationSupportsIndirectInputEvents = YES;
				INFOPLIST_KEY_UILaunchStoryboardName = LaunchScreen;
				INFOPLIST_KEY_UIMainStoryboardFile = Main;
				INFOPLIST_KEY_UISupportedInterfaceOrientations_iPad = "UIInterfaceOrientationPortrait UIInterfaceOrientationPortraitUpsideDown UIInterfaceOrientationLandscapeLeft UIInterfaceOrientationLandscapeRight";
				INFOPLIST_KEY_UISupportedInterfaceOrientations_iPhone = "UIInterfaceOrientationPortrait UIInterfaceOrientationLandscapeLeft UIInterfaceOrientationLandscapeRight";
				LD_RUNPATH_SEARCH_PATHS = (
					"$(inherited)",
					"@executable_path/Frameworks",
				);
				MARKETING_VERSION = 1.0;
				PRODUCT_BUNDLE_IDENTIFIER = "aleksander-michelson.CoreData-Finviz-Test";
				PRODUCT_NAME = "$(TARGET_NAME)";
				SWIFT_EMIT_LOC_STRINGS = YES;
				SWIFT_VERSION = 5.0;
				TARGETED_DEVICE_FAMILY = "1,2";
			};
			name = Debug;
		};
		29204B1B27EB8C1E00E01E12 /* Release */ = {
			isa = XCBuildConfiguration;
			buildSettings = {
				ASSETCATALOG_COMPILER_APPICON_NAME = AppIcon;
				ASSETCATALOG_COMPILER_GLOBAL_ACCENT_COLOR_NAME = AccentColor;
				CODE_SIGN_STYLE = Automatic;
				CURRENT_PROJECT_VERSION = 1;
				DEVELOPMENT_TEAM = 7W5ZSCHZ2W;
				GENERATE_INFOPLIST_FILE = YES;
				INFOPLIST_FILE = "CoreData-Finviz-Test/Info.plist";
				INFOPLIST_KEY_UIApplicationSupportsIndirectInputEvents = YES;
				INFOPLIST_KEY_UILaunchStoryboardName = LaunchScreen;
				INFOPLIST_KEY_UIMainStoryboardFile = Main;
				INFOPLIST_KEY_UISupportedInterfaceOrientations_iPad = "UIInterfaceOrientationPortrait UIInterfaceOrientationPortraitUpsideDown UIInterfaceOrientationLandscapeLeft UIInterfaceOrientationLandscapeRight";
				INFOPLIST_KEY_UISupportedInterfaceOrientations_iPhone = "UIInterfaceOrientationPortrait UIInterfaceOrientationLandscapeLeft UIInterfaceOrientationLandscapeRight";
				LD_RUNPATH_SEARCH_PATHS = (
					"$(inherited)",
					"@executable_path/Frameworks",
				);
				MARKETING_VERSION = 1.0;
				PRODUCT_BUNDLE_IDENTIFIER = "aleksander-michelson.CoreData-Finviz-Test";
				PRODUCT_NAME = "$(TARGET_NAME)";
				SWIFT_EMIT_LOC_STRINGS = YES;
				SWIFT_VERSION = 5.0;
				TARGETED_DEVICE_FAMILY = "1,2";
			};
			name = Release;
		};
/* End XCBuildConfiguration section */

/* Begin XCConfigurationList section */
		29204AFD27EB8C1D00E01E12 /* Build configuration list for PBXProject "CoreData-Finviz-Test" */ = {
			isa = XCConfigurationList;
			buildConfigurations = (
				29204B1727EB8C1E00E01E12 /* Debug */,
				29204B1827EB8C1E00E01E12 /* Release */,
			);
			defaultConfigurationIsVisible = 0;
			defaultConfigurationName = Release;
		};
		29204B1927EB8C1E00E01E12 /* Build configuration list for PBXNativeTarget "CoreData-Finviz-Test" */ = {
			isa = XCConfigurationList;
			buildConfigurations = (
				29204B1A27EB8C1E00E01E12 /* Debug */,
				29204B1B27EB8C1E00E01E12 /* Release */,
			);
			defaultConfigurationIsVisible = 0;
			defaultConfigurationName = Release;
		};
/* End XCConfigurationList section */

/* Begin XCRemoteSwiftPackageReference section */
		293F319E27EBD109001B5FA2 /* XCRemoteSwiftPackageReference "Charts" */ = {
			isa = XCRemoteSwiftPackageReference;
			repositoryURL = "https://github.com/danielgindi/Charts";
			requirement = {
				kind = upToNextMajorVersion;
				minimumVersion = 3.0.0;
			};
		};
/* End XCRemoteSwiftPackageReference section */

/* Begin XCSwiftPackageProductDependency section */
		293F319F27EBD109001B5FA2 /* Charts */ = {
			isa = XCSwiftPackageProductDependency;
			package = 293F319E27EBD109001B5FA2 /* XCRemoteSwiftPackageReference "Charts" */;
			productName = Charts;
		};
/* End XCSwiftPackageProductDependency section */

/* Begin XCVersionGroup section */
		29204B0E27EB8C1D00E01E12 /* CoreData_Finviz_Test.xcdatamodeld */ = {
			isa = XCVersionGroup;
			children = (
				29204B0F27EB8C1D00E01E12 /* CoreData_Finviz_Test.xcdatamodel */,
			);
			currentVersion = 29204B0F27EB8C1D00E01E12 /* CoreData_Finviz_Test.xcdatamodel */;
			path = CoreData_Finviz_Test.xcdatamodeld;
			sourceTree = "<group>";
			versionGroupType = wrapper.xcdatamodel;
		};
/* End XCVersionGroup section */
	};
	rootObject = 29204AFA27EB8C1D00E01E12 /* Project object */;
}
